
Microsoft Visual Studio Solution File, Format Version 12.00
# Visual Studio 15
VisualStudioVersion = 15.0.28307.1500
MinimumVisualStudioVersion = 10.0.40219.1
Project("{FAE04EC0-301F-11D3-BF4B-00C04F79EFBC}") = "MemoTags.Android", "MemoTags\MemoTags.Android\MemoTags.Android.csproj", "{24CE3C36-16B9-426D-AA0C-5961ECF8D88C}"
EndProject
Project("{FAE04EC0-301F-11D3-BF4B-00C04F79EFBC}") = "MemoTags.iOS", "MemoTags\MemoTags.iOS\MemoTags.iOS.csproj", "{BFC86718-385E-4DA9-AE81-7CDF87B62B6A}"
EndProject
Project("{FAE04EC0-301F-11D3-BF4B-00C04F79EFBC}") = "MemoTags", "MemoTags\MemoTags\MemoTags.csproj", "{8637EDAB-7C5D-48C6-945D-7E8E0F9C3AC8}"
EndProject
Global
	GlobalSection(SolutionConfigurationPlatforms) = preSolution
		Debug|Any CPU = Debug|Any CPU
		Debug|iPhone = Debug|iPhone
		Debug|iPhoneSimulator = Debug|iPhoneSimulator
		Release|Any CPU = Release|Any CPU
		Release|iPhone = Release|iPhone
		Release|iPhoneSimulator = Release|iPhoneSimulator
	EndGlobalSection
	GlobalSection(ProjectConfigurationPlatforms) = postSolution
		{24CE3C36-16B9-426D-AA0C-5961ECF8D88C}.Debug|Any CPU.ActiveCfg = Debug|Any CPU
		{24CE3C36-16B9-426D-AA0C-5961ECF8D88C}.Debug|Any CPU.Build.0 = Debug|Any CPU
		{24CE3C36-16B9-426D-AA0C-5961ECF8D88C}.Debug|Any CPU.Deploy.0 = Debug|Any CPU
		{24CE3C36-16B9-426D-AA0C-5961ECF8D88C}.Debug|iPhone.ActiveCfg = Debug|Any CPU
		{24CE3C36-16B9-426D-AA0C-5961ECF8D88C}.Debug|iPhone.Build.0 = Debug|Any CPU
		{24CE3C36-16B9-426D-AA0C-5961ECF8D88C}.Debug|iPhone.Deploy.0 = Debug|Any CPU
		{24CE3C36-16B9-426D-AA0C-5961ECF8D88C}.Debug|iPhoneSimulator.ActiveCfg = Debug|Any CPU
		{24CE3C36-16B9-426D-AA0C-5961ECF8D88C}.Debug|iPhoneSimulator.Build.0 = Debug|Any CPU
		{24CE3C36-16B9-426D-AA0C-5961ECF8D88C}.Debug|iPhoneSimulator.Deploy.0 = Debug|Any CPU
		{24CE3C36-16B9-426D-AA0C-5961ECF8D88C}.Release|Any CPU.ActiveCfg = Release|Any CPU
		{24CE3C36-16B9-426D-AA0C-5961ECF8D88C}.Release|Any CPU.Build.0 = Release|Any CPU
		{24CE3C36-16B9-426D-AA0C-5961ECF8D88C}.Release|Any CPU.Deploy.0 = Release|Any CPU
		{24CE3C36-16B9-426D-AA0C-5961ECF8D88C}.Release|iPhone.ActiveCfg = Release|Any CPU
		{24CE3C36-16B9-426D-AA0C-5961ECF8D88C}.Release|iPhone.Build.0 = Release|Any CPU
		{24CE3C36-16B9-426D-AA0C-5961ECF8D88C}.Release|iPhone.Deploy.0 = Release|Any CPU
		{24CE3C36-16B9-426D-AA0C-5961ECF8D88C}.Release|iPhoneSimulator.ActiveCfg = Release|Any CPU
		{24CE3C36-16B9-426D-AA0C-5961ECF8D88C}.Release|iPhoneSimulator.Build.0 = Release|Any CPU
		{24CE3C36-16B9-426D-AA0C-5961ECF8D88C}.Release|iPhoneSimulator.Deploy.0 = Release|Any CPU
		{BFC86718-385E-4DA9-AE81-7CDF87B62B6A}.Debug|Any CPU.ActiveCfg = Debug|iPhoneSimulator
		{BFC86718-385E-4DA9-AE81-7CDF87B62B6A}.Debug|Any CPU.Build.0 = Debug|iPhoneSimulator
		{BFC86718-385E-4DA9-AE81-7CDF87B62B6A}.Debug|Any CPU.Deploy.0 = Debug|iPhoneSimulator
		{BFC86718-385E-4DA9-AE81-7CDF87B62B6A}.Debug|iPhone.ActiveCfg = Debug|iPhone
		{BFC86718-385E-4DA9-AE81-7CDF87B62B6A}.Debug|iPhone.Build.0 = Debug|iPhone
		{BFC86718-385E-4DA9-AE81-7CDF87B62B6A}.Debug|iPhone.Deploy.0 = Debug|iPhone
		{BFC86718-385E-4DA9-AE81-7CDF87B62B6A}.Debug|iPhoneSimulator.ActiveCfg = Debug|iPhoneSimulator
		{BFC86718-385E-4DA9-AE81-7CDF87B62B6A}.Debug|iPhoneSimulator.Build.0 = Debug|iPhoneSimulator
		{BFC86718-385E-4DA9-AE81-7CDF87B62B6A}.Debug|iPhoneSimulator.Deploy.0 = Debug|iPhoneSimulator
		{BFC86718-385E-4DA9-AE81-7CDF87B62B6A}.Release|Any CPU.ActiveCfg = Release|iPhone
		{BFC86718-385E-4DA9-AE81-7CDF87B62B6A}.Release|Any CPU.Build.0 = Release|iPhone
		{BFC86718-385E-4DA9-AE81-7CDF87B62B6A}.Release|Any CPU.Deploy.0 = Release|iPhone
		{BFC86718-385E-4DA9-AE81-7CDF87B62B6A}.Release|iPhone.ActiveCfg = Release|iPhone
		{BFC86718-385E-4DA9-AE81-7CDF87B62B6A}.Release|iPhone.Build.0 = Release|iPhone
		{BFC86718-385E-4DA9-AE81-7CDF87B62B6A}.Release|iPhone.Deploy.0 = Release|iPhone
		{BFC86718-385E-4DA9-AE81-7CDF87B62B6A}.Release|iPhoneSimulator.ActiveCfg = Release|iPhoneSimulator
		{BFC86718-385E-4DA9-AE81-7CDF87B62B6A}.Release|iPhoneSimulator.Build.0 = Release|iPhoneSimulator
		{BFC86718-385E-4DA9-AE81-7CDF87B62B6A}.Release|iPhoneSimulator.Deploy.0 = Release|iPhoneSimulator
		{8637EDAB-7C5D-48C6-945D-7E8E0F9C3AC8}.Debug|Any CPU.ActiveCfg = Debug|Any CPU
		{8637EDAB-7C5D-48C6-945D-7E8E0F9C3AC8}.Debug|Any CPU.Build.0 = Debug|Any CPU
		{8637EDAB-7C5D-48C6-945D-7E8E0F9C3AC8}.Debug|Any CPU.Deploy.0 = Debug|Any CPU
		{8637EDAB-7C5D-48C6-945D-7E8E0F9C3AC8}.Debug|iPhone.ActiveCfg = Debug|Any CPU
		{8637EDAB-7C5D-48C6-945D-7E8E0F9C3AC8}.Debug|iPhone.Build.0 = Debug|Any CPU
		{8637EDAB-7C5D-48C6-945D-7E8E0F9C3AC8}.Debug|iPhone.Deploy.0 = Debug|Any CPU
		{8637EDAB-7C5D-48C6-945D-7E8E0F9C3AC8}.Debug|iPhoneSimulator.ActiveCfg = Debug|Any CPU
		{8637EDAB-7C5D-48C6-945D-7E8E0F9C3AC8}.Debug|iPhoneSimulator.Build.0 = Debug|Any CPU
		{8637EDAB-7C5D-48C6-945D-7E8E0F9C3AC8}.Debug|iPhoneSimulator.Deploy.0 = Debug|Any CPU
		{8637EDAB-7C5D-48C6-945D-7E8E0F9C3AC8}.Release|Any CPU.ActiveCfg = Release|Any CPU
		{8637EDAB-7C5D-48C6-945D-7E8E0F9C3AC8}.Release|Any CPU.Build.0 = Release|Any CPU
		{8637EDAB-7C5D-48C6-945D-7E8E0F9C3AC8}.Release|Any CPU.Deploy.0 = Release|Any CPU
		{8637EDAB-7C5D-48C6-945D-7E8E0F9C3AC8}.Release|iPhone.ActiveCfg = Release|Any CPU
		{8637EDAB-7C5D-48C6-945D-7E8E0F9C3AC8}.Release|iPhone.Build.0 = Release|Any CPU
		{8637EDAB-7C5D-48C6-945D-7E8E0F9C3AC8}.Release|iPhone.Deploy.0 = Release|Any CPU
		{8637EDAB-7C5D-48C6-945D-7E8E0F9C3AC8}.Release|iPhoneSimulator.ActiveCfg = Release|Any CPU
		{8637EDAB-7C5D-48C6-945D-7E8E0F9C3AC8}.Release|iPhoneSimulator.Build.0 = Release|Any CPU
		{8637EDAB-7C5D-48C6-945D-7E8E0F9C3AC8}.Release|iPhoneSimulator.Deploy.0 = Release|Any CPU
	EndGlobalSection
	GlobalSection(SolutionProperties) = preSolution
		HideSolutionNode = FALSE
	EndGlobalSection
	GlobalSection(ExtensibilityGlobals) = postSolution
		SolutionGuid = {2A3715CB-8576-4101-9157-F55879B6DF90}
	EndGlobalSection
EndGlobal
